// !$*UTF8*$!
{
	archiveVersion = 1;
	classes = {
	};
	objectVersion = 52;
	objects = {

/* Begin PBXBuildFile section */
		A1EF95CED75F59BEBA0EDA25 /* Pods_projectretailapp.framework in Frameworks */ = {isa = PBXBuildFile; fileRef = E0B83FF9421A6E92DE7E988D /* Pods_projectretailapp.framework */; };
		B7000C942501B47000B6B6BC /* StorageService.swift in Sources */ = {isa = PBXBuildFile; fileRef = B7000C932501B47000B6B6BC /* StorageService.swift */; };
		B7000C962501B5C500B6B6BC /* Extensions.swift in Sources */ = {isa = PBXBuildFile; fileRef = B7000C952501B5C500B6B6BC /* Extensions.swift */; };
		B7000C992501B7B100B6B6BC /* SessionStore.swift in Sources */ = {isa = PBXBuildFile; fileRef = B7000C982501B7B100B6B6BC /* SessionStore.swift */; };
		B7000C9B2501B82800B6B6BC /* Init.swift in Sources */ = {isa = PBXBuildFile; fileRef = B7000C9A2501B82800B6B6BC /* Init.swift */; };
		B7000C9D2501B84C00B6B6BC /* Home.swift in Sources */ = {isa = PBXBuildFile; fileRef = B7000C9C2501B84C00B6B6BC /* Home.swift */; };
		B7000CA02501B89100B6B6BC /* SignInViewModel.swift in Sources */ = {isa = PBXBuildFile; fileRef = B7000C9F2501B89100B6B6BC /* SignInViewModel.swift */; };
		B7000CA42503029700B6B6BC /* SignUp_FirstNameTextField.swift in Sources */ = {isa = PBXBuildFile; fileRef = B7000CA32503029700B6B6BC /* SignUp_FirstNameTextField.swift */; };
		B708461224FDDF9F00687DE2 /* AlreadyHaveAccount.swift in Sources */ = {isa = PBXBuildFile; fileRef = B708461124FDDF9F00687DE2 /* AlreadyHaveAccount.swift */; };
		B708462324FDDFBA00687DE2 /* SignUpView.swift in Sources */ = {isa = PBXBuildFile; fileRef = B708461324FDDFB900687DE2 /* SignUpView.swift */; };
		B708462424FDDFBA00687DE2 /* CreateAccountText.swift in Sources */ = {isa = PBXBuildFile; fileRef = B708461424FDDFB900687DE2 /* CreateAccountText.swift */; };
		B708462524FDDFBA00687DE2 /* SignUpTextFields.swift in Sources */ = {isa = PBXBuildFile; fileRef = B708461524FDDFB900687DE2 /* SignUpTextFields.swift */; };
		B708462724FDDFBA00687DE2 /* SignUpInModifiers.swift in Sources */ = {isa = PBXBuildFile; fileRef = B708461724FDDFB900687DE2 /* SignUpInModifiers.swift */; };
		B708462924FDDFBA00687DE2 /* SignIn_PasswordTextField.swift in Sources */ = {isa = PBXBuildFile; fileRef = B708461924FDDFB900687DE2 /* SignIn_PasswordTextField.swift */; };
		B708462A24FDDFBA00687DE2 /* SignInView.swift in Sources */ = {isa = PBXBuildFile; fileRef = B708461A24FDDFB900687DE2 /* SignInView.swift */; };
		B708462B24FDDFBA00687DE2 /* SignIn_EmailTextField.swift in Sources */ = {isa = PBXBuildFile; fileRef = B708461B24FDDFBA00687DE2 /* SignIn_EmailTextField.swift */; };
		B708462C24FDDFBA00687DE2 /* Queue.swift in Sources */ = {isa = PBXBuildFile; fileRef = B708461C24FDDFBA00687DE2 /* Queue.swift */; };
		B708462D24FDDFBA00687DE2 /* SignUpViewModel.swift in Sources */ = {isa = PBXBuildFile; fileRef = B708461D24FDDFBA00687DE2 /* SignUpViewModel.swift */; };
		B708462E24FDDFBA00687DE2 /* User.swift in Sources */ = {isa = PBXBuildFile; fileRef = B708461E24FDDFBA00687DE2 /* User.swift */; };
		B708462F24FDDFBA00687DE2 /* SignUpButton.swift in Sources */ = {isa = PBXBuildFile; fileRef = B708461F24FDDFBA00687DE2 /* SignUpButton.swift */; };
		B708463024FDDFBA00687DE2 /* Constants.swift in Sources */ = {isa = PBXBuildFile; fileRef = B708462024FDDFBA00687DE2 /* Constants.swift */; };
		B708463124FDDFBA00687DE2 /* SignInTextFields.swift in Sources */ = {isa = PBXBuildFile; fileRef = B708462124FDDFBA00687DE2 /* SignInTextFields.swift */; };
		B708463224FDDFBA00687DE2 /* BlurView.swift in Sources */ = {isa = PBXBuildFile; fileRef = B708462224FDDFBA00687DE2 /* BlurView.swift */; };
		B708463A24FDE1AD00687DE2 /* GoogleService-Info.plist in Resources */ = {isa = PBXBuildFile; fileRef = B708463924FDE1AD00687DE2 /* GoogleService-Info.plist */; };
		B708463D24FDE75400687DE2 /* Authentication.swift in Sources */ = {isa = PBXBuildFile; fileRef = B708463C24FDE75400687DE2 /* Authentication.swift */; };
		B708463F24FDE7D200687DE2 /* SignInButton.swift in Sources */ = {isa = PBXBuildFile; fileRef = B708463E24FDE7D200687DE2 /* SignInButton.swift */; };
		B70D5E202537BD910020C957 /* SexPreference.swift in Sources */ = {isa = PBXBuildFile; fileRef = B70D5E1F2537BD910020C957 /* SexPreference.swift */; };
		B70D5E232537C1870020C957 /* SizingPreferences.swift in Sources */ = {isa = PBXBuildFile; fileRef = B70D5E222537C1870020C957 /* SizingPreferences.swift */; };
		B726D037252552E000241B4F /* Beacon.swift in Sources */ = {isa = PBXBuildFile; fileRef = B726D036252552DF00241B4F /* Beacon.swift */; };
		B726D05325296F0C00241B4F /* CurrentBeacon.swift in Sources */ = {isa = PBXBuildFile; fileRef = B726D05225296F0C00241B4F /* CurrentBeacon.swift */; };
		B728C90A2547B78700F8ADC2 /* MenuView.swift in Sources */ = {isa = PBXBuildFile; fileRef = B728C9092547B78600F8ADC2 /* MenuView.swift */; };
		B72AFE86253800800025EE94 /* HomeView.swift in Sources */ = {isa = PBXBuildFile; fileRef = B72AFE85253800800025EE94 /* HomeView.swift */; };
		B72AFE8925383DBB0025EE94 /* ValidateBeacon.swift in Sources */ = {isa = PBXBuildFile; fileRef = B72AFE8825383DBB0025EE94 /* ValidateBeacon.swift */; };
		B75E640A2521883300A6B384 /* ViewRouter.swift in Sources */ = {isa = PBXBuildFile; fileRef = B75E64092521883300A6B384 /* ViewRouter.swift */; };
		B75E6424252196A500A6B384 /* Confetti.json in Resources */ = {isa = PBXBuildFile; fileRef = B75E6423252196A400A6B384 /* Confetti.json */; };
		B75E642725219B4700A6B384 /* LottieView.swift in Sources */ = {isa = PBXBuildFile; fileRef = B75E642625219B4700A6B384 /* LottieView.swift */; };
		B76E920124FDDD3C0052834F /* AppDelegate.swift in Sources */ = {isa = PBXBuildFile; fileRef = B76E920024FDDD3C0052834F /* AppDelegate.swift */; };
		B76E920324FDDD3C0052834F /* SceneDelegate.swift in Sources */ = {isa = PBXBuildFile; fileRef = B76E920224FDDD3C0052834F /* SceneDelegate.swift */; };
		B76E920724FDDD3F0052834F /* Assets.xcassets in Resources */ = {isa = PBXBuildFile; fileRef = B76E920624FDDD3F0052834F /* Assets.xcassets */; };
		B76E920A24FDDD3F0052834F /* Preview Assets.xcassets in Resources */ = {isa = PBXBuildFile; fileRef = B76E920924FDDD3F0052834F /* Preview Assets.xcassets */; };
		B76E920D24FDDD3F0052834F /* LaunchScreen.storyboard in Resources */ = {isa = PBXBuildFile; fileRef = B76E920B24FDDD3F0052834F /* LaunchScreen.storyboard */; };
		B77F6CAD251ECF96006EA1F4 /* TextFieldFocusableArea.swift in Sources */ = {isa = PBXBuildFile; fileRef = B77F6CAC251ECF96006EA1F4 /* TextFieldFocusableArea.swift */; };
		B77FAA1425105F3A00F86098 /* BeaconDetector.swift in Sources */ = {isa = PBXBuildFile; fileRef = B77FAA1325105F3900F86098 /* BeaconDetector.swift */; };
		B7AFB2C02508492100C0E34B /* Api.swift in Sources */ = {isa = PBXBuildFile; fileRef = B7AFB2BF2508492100C0E34B /* Api.swift */; };
		B7BA40BC253A80E200A27F59 /* MaleSizePreference.swift in Sources */ = {isa = PBXBuildFile; fileRef = B7BA40BB253A80E200A27F59 /* MaleSizePreference.swift */; };
		B7BA40BF253A80F000A27F59 /* FemaleSizePreference.swift in Sources */ = {isa = PBXBuildFile; fileRef = B7BA40BE253A80F000A27F59 /* FemaleSizePreference.swift */; };
		B7BA40C5253E866B00A27F59 /* Identifiables.swift in Sources */ = {isa = PBXBuildFile; fileRef = B7BA40C4253E866B00A27F59 /* Identifiables.swift */; };
		B7BA40C8253E939500A27F59 /* SizeButton.swift in Sources */ = {isa = PBXBuildFile; fileRef = B7BA40C7253E939500A27F59 /* SizeButton.swift */; };
		B7BA40CB253E977F00A27F59 /* ShirtSizePreferences.swift in Sources */ = {isa = PBXBuildFile; fileRef = B7BA40CA253E977F00A27F59 /* ShirtSizePreferences.swift */; };
		B7DE92ED251FBEFA001887D3 /* SignUp_ConfirmPasswordTextField.swift in Sources */ = {isa = PBXBuildFile; fileRef = B7DE92EC251FBEFA001887D3 /* SignUp_ConfirmPasswordTextField.swift */; };
		B7DE92F5251FC069001887D3 /* SignUp_PasswordTextField.swift in Sources */ = {isa = PBXBuildFile; fileRef = B7DE92F4251FC069001887D3 /* SignUp_PasswordTextField.swift */; };
		B7DE92F8251FC081001887D3 /* SignUp_EmailTextField.swift in Sources */ = {isa = PBXBuildFile; fileRef = B7DE92F7251FC081001887D3 /* SignUp_EmailTextField.swift */; };
		B7DE92FD25205C95001887D3 /* Bubbles.json in Resources */ = {isa = PBXBuildFile; fileRef = B7DE92FC25205C95001887D3 /* Bubbles.json */; };
		B7DE931725205D2D001887D3 /* Lottie in Frameworks */ = {isa = PBXBuildFile; productRef = B7DE931625205D2D001887D3 /* Lottie */; };
		B7DE931B25205DA2001887D3 /* LottieViewLoop.swift in Sources */ = {isa = PBXBuildFile; fileRef = B7DE931A25205DA2001887D3 /* LottieViewLoop.swift */; };
		B7DE931F25213567001887D3 /* Circles.json in Resources */ = {isa = PBXBuildFile; fileRef = B7DE931E25213567001887D3 /* Circles.json */; };
		B7DE932625213CBA001887D3 /* Loading.json in Resources */ = {isa = PBXBuildFile; fileRef = B7DE932525213CBA001887D3 /* Loading.json */; };
/* End PBXBuildFile section */

/* Begin PBXFileReference section */
		5AE8F9665FAF5553B7439C45 /* Pods-projectretailapp.release.xcconfig */ = {isa = PBXFileReference; includeInIndex = 1; lastKnownFileType = text.xcconfig; name = "Pods-projectretailapp.release.xcconfig"; path = "Target Support Files/Pods-projectretailapp/Pods-projectretailapp.release.xcconfig"; sourceTree = "<group>"; };
		5EABA2D51B6EBD5557810F3B /* Pods-projectretailapp.debug.xcconfig */ = {isa = PBXFileReference; includeInIndex = 1; lastKnownFileType = text.xcconfig; name = "Pods-projectretailapp.debug.xcconfig"; path = "Target Support Files/Pods-projectretailapp/Pods-projectretailapp.debug.xcconfig"; sourceTree = "<group>"; };
		B7000C932501B47000B6B6BC /* StorageService.swift */ = {isa = PBXFileReference; lastKnownFileType = sourcecode.swift; path = StorageService.swift; sourceTree = "<group>"; };
		B7000C952501B5C500B6B6BC /* Extensions.swift */ = {isa = PBXFileReference; lastKnownFileType = sourcecode.swift; path = Extensions.swift; sourceTree = "<group>"; };
		B7000C982501B7B100B6B6BC /* SessionStore.swift */ = {isa = PBXFileReference; lastKnownFileType = sourcecode.swift; path = SessionStore.swift; sourceTree = "<group>"; };
		B7000C9A2501B82800B6B6BC /* Init.swift */ = {isa = PBXFileReference; lastKnownFileType = sourcecode.swift; path = Init.swift; sourceTree = "<group>"; };
		B7000C9C2501B84C00B6B6BC /* Home.swift */ = {isa = PBXFileReference; lastKnownFileType = sourcecode.swift; path = Home.swift; sourceTree = "<group>"; };
		B7000C9F2501B89100B6B6BC /* SignInViewModel.swift */ = {isa = PBXFileReference; lastKnownFileType = sourcecode.swift; path = SignInViewModel.swift; sourceTree = "<group>"; };
		B7000CA32503029700B6B6BC /* SignUp_FirstNameTextField.swift */ = {isa = PBXFileReference; lastKnownFileType = sourcecode.swift; path = SignUp_FirstNameTextField.swift; sourceTree = "<group>"; };
		B708461124FDDF9F00687DE2 /* AlreadyHaveAccount.swift */ = {isa = PBXFileReference; fileEncoding = 4; lastKnownFileType = sourcecode.swift; path = AlreadyHaveAccount.swift; sourceTree = "<group>"; };
		B708461324FDDFB900687DE2 /* SignUpView.swift */ = {isa = PBXFileReference; fileEncoding = 4; lastKnownFileType = sourcecode.swift; path = SignUpView.swift; sourceTree = "<group>"; };
		B708461424FDDFB900687DE2 /* CreateAccountText.swift */ = {isa = PBXFileReference; fileEncoding = 4; lastKnownFileType = sourcecode.swift; path = CreateAccountText.swift; sourceTree = "<group>"; };
		B708461524FDDFB900687DE2 /* SignUpTextFields.swift */ = {isa = PBXFileReference; fileEncoding = 4; lastKnownFileType = sourcecode.swift; path = SignUpTextFields.swift; sourceTree = "<group>"; };
		B708461724FDDFB900687DE2 /* SignUpInModifiers.swift */ = {isa = PBXFileReference; fileEncoding = 4; lastKnownFileType = sourcecode.swift; path = SignUpInModifiers.swift; sourceTree = "<group>"; };
		B708461924FDDFB900687DE2 /* SignIn_PasswordTextField.swift */ = {isa = PBXFileReference; fileEncoding = 4; lastKnownFileType = sourcecode.swift; path = SignIn_PasswordTextField.swift; sourceTree = "<group>"; };
		B708461A24FDDFB900687DE2 /* SignInView.swift */ = {isa = PBXFileReference; fileEncoding = 4; lastKnownFileType = sourcecode.swift; path = SignInView.swift; sourceTree = "<group>"; };
		B708461B24FDDFBA00687DE2 /* SignIn_EmailTextField.swift */ = {isa = PBXFileReference; fileEncoding = 4; lastKnownFileType = sourcecode.swift; path = SignIn_EmailTextField.swift; sourceTree = "<group>"; };
		B708461C24FDDFBA00687DE2 /* Queue.swift */ = {isa = PBXFileReference; fileEncoding = 4; lastKnownFileType = sourcecode.swift; path = Queue.swift; sourceTree = "<group>"; };
		B708461D24FDDFBA00687DE2 /* SignUpViewModel.swift */ = {isa = PBXFileReference; fileEncoding = 4; lastKnownFileType = sourcecode.swift; path = SignUpViewModel.swift; sourceTree = "<group>"; };
		B708461E24FDDFBA00687DE2 /* User.swift */ = {isa = PBXFileReference; fileEncoding = 4; lastKnownFileType = sourcecode.swift; path = User.swift; sourceTree = "<group>"; };
		B708461F24FDDFBA00687DE2 /* SignUpButton.swift */ = {isa = PBXFileReference; fileEncoding = 4; lastKnownFileType = sourcecode.swift; path = SignUpButton.swift; sourceTree = "<group>"; };
		B708462024FDDFBA00687DE2 /* Constants.swift */ = {isa = PBXFileReference; fileEncoding = 4; lastKnownFileType = sourcecode.swift; path = Constants.swift; sourceTree = "<group>"; };
		B708462124FDDFBA00687DE2 /* SignInTextFields.swift */ = {isa = PBXFileReference; fileEncoding = 4; lastKnownFileType = sourcecode.swift; path = SignInTextFields.swift; sourceTree = "<group>"; };
		B708462224FDDFBA00687DE2 /* BlurView.swift */ = {isa = PBXFileReference; fileEncoding = 4; lastKnownFileType = sourcecode.swift; path = BlurView.swift; sourceTree = "<group>"; };
		B708463924FDE1AD00687DE2 /* GoogleService-Info.plist */ = {isa = PBXFileReference; fileEncoding = 4; lastKnownFileType = text.plist.xml; path = "GoogleService-Info.plist"; sourceTree = "<group>"; };
		B708463C24FDE75400687DE2 /* Authentication.swift */ = {isa = PBXFileReference; lastKnownFileType = sourcecode.swift; path = Authentication.swift; sourceTree = "<group>"; };
		B708463E24FDE7D200687DE2 /* SignInButton.swift */ = {isa = PBXFileReference; lastKnownFileType = sourcecode.swift; path = SignInButton.swift; sourceTree = "<group>"; };
		B70D5E1F2537BD910020C957 /* SexPreference.swift */ = {isa = PBXFileReference; lastKnownFileType = sourcecode.swift; path = SexPreference.swift; sourceTree = "<group>"; };
		B70D5E222537C1870020C957 /* SizingPreferences.swift */ = {isa = PBXFileReference; lastKnownFileType = sourcecode.swift; path = SizingPreferences.swift; sourceTree = "<group>"; };
		B726D036252552DF00241B4F /* Beacon.swift */ = {isa = PBXFileReference; lastKnownFileType = sourcecode.swift; path = Beacon.swift; sourceTree = "<group>"; };
		B726D05225296F0C00241B4F /* CurrentBeacon.swift */ = {isa = PBXFileReference; lastKnownFileType = sourcecode.swift; path = CurrentBeacon.swift; sourceTree = "<group>"; };
		B728C9092547B78600F8ADC2 /* MenuView.swift */ = {isa = PBXFileReference; lastKnownFileType = sourcecode.swift; path = MenuView.swift; sourceTree = "<group>"; };
		B72AFE85253800800025EE94 /* HomeView.swift */ = {isa = PBXFileReference; lastKnownFileType = sourcecode.swift; path = HomeView.swift; sourceTree = "<group>"; };
		B72AFE8825383DBB0025EE94 /* ValidateBeacon.swift */ = {isa = PBXFileReference; lastKnownFileType = sourcecode.swift; path = ValidateBeacon.swift; sourceTree = "<group>"; };
		B75E64092521883300A6B384 /* ViewRouter.swift */ = {isa = PBXFileReference; lastKnownFileType = sourcecode.swift; path = ViewRouter.swift; sourceTree = "<group>"; };
		B75E6423252196A400A6B384 /* Confetti.json */ = {isa = PBXFileReference; fileEncoding = 4; lastKnownFileType = text.json; path = Confetti.json; sourceTree = "<group>"; };
		B75E642625219B4700A6B384 /* LottieView.swift */ = {isa = PBXFileReference; lastKnownFileType = sourcecode.swift; path = LottieView.swift; sourceTree = "<group>"; };
		B76E91FD24FDDD3C0052834F /* projectretailapp.app */ = {isa = PBXFileReference; explicitFileType = wrapper.application; includeInIndex = 0; path = projectretailapp.app; sourceTree = BUILT_PRODUCTS_DIR; };
		B76E920024FDDD3C0052834F /* AppDelegate.swift */ = {isa = PBXFileReference; lastKnownFileType = sourcecode.swift; path = AppDelegate.swift; sourceTree = "<group>"; };
		B76E920224FDDD3C0052834F /* SceneDelegate.swift */ = {isa = PBXFileReference; lastKnownFileType = sourcecode.swift; path = SceneDelegate.swift; sourceTree = "<group>"; };
		B76E920624FDDD3F0052834F /* Assets.xcassets */ = {isa = PBXFileReference; lastKnownFileType = folder.assetcatalog; path = Assets.xcassets; sourceTree = "<group>"; };
		B76E920924FDDD3F0052834F /* Preview Assets.xcassets */ = {isa = PBXFileReference; lastKnownFileType = folder.assetcatalog; path = "Preview Assets.xcassets"; sourceTree = "<group>"; };
		B76E920C24FDDD3F0052834F /* Base */ = {isa = PBXFileReference; lastKnownFileType = file.storyboard; name = Base; path = Base.lproj/LaunchScreen.storyboard; sourceTree = "<group>"; };
		B76E920E24FDDD3F0052834F /* Info.plist */ = {isa = PBXFileReference; lastKnownFileType = text.plist.xml; path = Info.plist; sourceTree = "<group>"; };
		B77F6CAC251ECF96006EA1F4 /* TextFieldFocusableArea.swift */ = {isa = PBXFileReference; lastKnownFileType = sourcecode.swift; path = TextFieldFocusableArea.swift; sourceTree = "<group>"; };
		B77FAA1325105F3900F86098 /* BeaconDetector.swift */ = {isa = PBXFileReference; lastKnownFileType = sourcecode.swift; path = BeaconDetector.swift; sourceTree = "<group>"; };
		B7AFB2BF2508492100C0E34B /* Api.swift */ = {isa = PBXFileReference; lastKnownFileType = sourcecode.swift; path = Api.swift; sourceTree = "<group>"; };
		B7BA40BB253A80E200A27F59 /* MaleSizePreference.swift */ = {isa = PBXFileReference; lastKnownFileType = sourcecode.swift; path = MaleSizePreference.swift; sourceTree = "<group>"; };
		B7BA40BE253A80F000A27F59 /* FemaleSizePreference.swift */ = {isa = PBXFileReference; lastKnownFileType = sourcecode.swift; path = FemaleSizePreference.swift; sourceTree = "<group>"; };
		B7BA40C4253E866B00A27F59 /* Identifiables.swift */ = {isa = PBXFileReference; lastKnownFileType = sourcecode.swift; path = Identifiables.swift; sourceTree = "<group>"; };
		B7BA40C7253E939500A27F59 /* SizeButton.swift */ = {isa = PBXFileReference; lastKnownFileType = sourcecode.swift; path = SizeButton.swift; sourceTree = "<group>"; };
		B7BA40CA253E977F00A27F59 /* ShirtSizePreferences.swift */ = {isa = PBXFileReference; lastKnownFileType = sourcecode.swift; path = ShirtSizePreferences.swift; sourceTree = "<group>"; };
		B7DE92EC251FBEFA001887D3 /* SignUp_ConfirmPasswordTextField.swift */ = {isa = PBXFileReference; lastKnownFileType = sourcecode.swift; path = SignUp_ConfirmPasswordTextField.swift; sourceTree = "<group>"; };
		B7DE92F4251FC069001887D3 /* SignUp_PasswordTextField.swift */ = {isa = PBXFileReference; lastKnownFileType = sourcecode.swift; path = SignUp_PasswordTextField.swift; sourceTree = "<group>"; };
		B7DE92F7251FC081001887D3 /* SignUp_EmailTextField.swift */ = {isa = PBXFileReference; lastKnownFileType = sourcecode.swift; path = SignUp_EmailTextField.swift; sourceTree = "<group>"; };
		B7DE92FC25205C95001887D3 /* Bubbles.json */ = {isa = PBXFileReference; fileEncoding = 4; lastKnownFileType = text.json; path = Bubbles.json; sourceTree = "<group>"; };
		B7DE931A25205DA2001887D3 /* LottieViewLoop.swift */ = {isa = PBXFileReference; lastKnownFileType = sourcecode.swift; path = LottieViewLoop.swift; sourceTree = "<group>"; };
		B7DE931E25213567001887D3 /* Circles.json */ = {isa = PBXFileReference; fileEncoding = 4; lastKnownFileType = text.json; path = Circles.json; sourceTree = "<group>"; };
		B7DE932525213CBA001887D3 /* Loading.json */ = {isa = PBXFileReference; fileEncoding = 4; lastKnownFileType = text.json; path = Loading.json; sourceTree = "<group>"; };
		E0B83FF9421A6E92DE7E988D /* Pods_projectretailapp.framework */ = {isa = PBXFileReference; explicitFileType = wrapper.framework; includeInIndex = 0; path = Pods_projectretailapp.framework; sourceTree = BUILT_PRODUCTS_DIR; };
/* End PBXFileReference section */

/* Begin PBXFrameworksBuildPhase section */
		B76E91FA24FDDD3C0052834F /* Frameworks */ = {
			isa = PBXFrameworksBuildPhase;
			buildActionMask = 2147483647;
			files = (
				A1EF95CED75F59BEBA0EDA25 /* Pods_projectretailapp.framework in Frameworks */,
				B7DE931725205D2D001887D3 /* Lottie in Frameworks */,
			);
			runOnlyForDeploymentPostprocessing = 0;
		};
/* End PBXFrameworksBuildPhase section */

/* Begin PBXGroup section */
		1952EAC6F5DF342FE78303D4 /* Frameworks */ = {
			isa = PBXGroup;
			children = (
				E0B83FF9421A6E92DE7E988D /* Pods_projectretailapp.framework */,
			);
			name = Frameworks;
			sourceTree = "<group>";
		};
		B7000C972501B75100B6B6BC /* Authentication */ = {
			isa = PBXGroup;
			children = (
				B708463C24FDE75400687DE2 /* Authentication.swift */,
				B7000C932501B47000B6B6BC /* StorageService.swift */,
				B72AFE8825383DBB0025EE94 /* ValidateBeacon.swift */,
				B7000C952501B5C500B6B6BC /* Extensions.swift */,
				B7000C982501B7B100B6B6BC /* SessionStore.swift */,
				B70D5E222537C1870020C957 /* SizingPreferences.swift */,
				B77FAA1325105F3900F86098 /* BeaconDetector.swift */,
			);
			path = Authentication;
			sourceTree = "<group>";
		};
		B7000C9E2501B85F00B6B6BC /* Styles */ = {
			isa = PBXGroup;
			children = (
				B7DE931A25205DA2001887D3 /* LottieViewLoop.swift */,
				B75E642625219B4700A6B384 /* LottieView.swift */,
				B708462224FDDFBA00687DE2 /* BlurView.swift */,
			);
			path = Styles;
			sourceTree = "<group>";
		};
		B708463324FDE00C00687DE2 /* TextFields */ = {
			isa = PBXGroup;
			children = (
				B7DE92F0251FBFCB001887D3 /* SignUp */,
				B7DE92EF251FBFC2001887D3 /* SignIn */,
			);
			path = TextFields;
			sourceTree = "<group>";
		};
		B708463424FDE01100687DE2 /* Buttons */ = {
			isa = PBXGroup;
			children = (
				B708461F24FDDFBA00687DE2 /* SignUpButton.swift */,
				B708463E24FDE7D200687DE2 /* SignInButton.swift */,
				B7BA40C7253E939500A27F59 /* SizeButton.swift */,
			);
			path = Buttons;
			sourceTree = "<group>";
		};
		B708463524FDE01300687DE2 /* Components */ = {
			isa = PBXGroup;
			children = (
				B708461124FDDF9F00687DE2 /* AlreadyHaveAccount.swift */,
				B7BA40CA253E977F00A27F59 /* ShirtSizePreferences.swift */,
				B708461424FDDFB900687DE2 /* CreateAccountText.swift */,
				B708463424FDE01100687DE2 /* Buttons */,
				B708463324FDE00C00687DE2 /* TextFields */,
			);
			path = Components;
			sourceTree = "<group>";
		};
		B708463624FDE01500687DE2 /* Models */ = {
			isa = PBXGroup;
			children = (
				B708461E24FDDFBA00687DE2 /* User.swift */,
				B708461D24FDDFBA00687DE2 /* SignUpViewModel.swift */,
				B7000C9F2501B89100B6B6BC /* SignInViewModel.swift */,
				B726D036252552DF00241B4F /* Beacon.swift */,
				B726D05225296F0C00241B4F /* CurrentBeacon.swift */,
			);
			path = Models;
			sourceTree = "<group>";
		};
		B708463724FDE01800687DE2 /* Views */ = {
			isa = PBXGroup;
			children = (
				B75E64092521883300A6B384 /* ViewRouter.swift */,
				B7000C9A2501B82800B6B6BC /* Init.swift */,
				B7000C9C2501B84C00B6B6BC /* Home.swift */,
				B72AFE85253800800025EE94 /* HomeView.swift */,
				B728C9092547B78600F8ADC2 /* MenuView.swift */,
				B708461A24FDDFB900687DE2 /* SignInView.swift */,
				B75B9BE32537B194004A12FF /* Registration */,
				B7000C9E2501B85F00B6B6BC /* Styles */,
			);
			path = Views;
			sourceTree = "<group>";
		};
		B708463824FDE0CD00687DE2 /* Modifiers */ = {
			isa = PBXGroup;
			children = (
				B708461724FDDFB900687DE2 /* SignUpInModifiers.swift */,
				B77F6CAC251ECF96006EA1F4 /* TextFieldFocusableArea.swift */,
			);
			path = Modifiers;
			sourceTree = "<group>";
		};
		B726D05A252AD57F00241B4F /* Helpers */ = {
			isa = PBXGroup;
			children = (
				B708461C24FDDFBA00687DE2 /* Queue.swift */,
				B7BA40C4253E866B00A27F59 /* Identifiables.swift */,
			);
			path = Helpers;
			sourceTree = "<group>";
		};
		B75B9BE32537B194004A12FF /* Registration */ = {
			isa = PBXGroup;
			children = (
				B708461324FDDFB900687DE2 /* SignUpView.swift */,
				B70D5E1F2537BD910020C957 /* SexPreference.swift */,
				B7BA40BB253A80E200A27F59 /* MaleSizePreference.swift */,
				B7BA40BE253A80F000A27F59 /* FemaleSizePreference.swift */,
			);
			path = Registration;
			sourceTree = "<group>";
		};
		B76E91F424FDDD3C0052834F = {
			isa = PBXGroup;
			children = (
				B76E91FF24FDDD3C0052834F /* projectretailapp */,
				B76E91FE24FDDD3C0052834F /* Products */,
				B7DE92FB25205C7B001887D3 /* Lottie */,
				F75F862CDC247CE8209CC5C8 /* Pods */,
				1952EAC6F5DF342FE78303D4 /* Frameworks */,
			);
			sourceTree = "<group>";
		};
		B76E91FE24FDDD3C0052834F /* Products */ = {
			isa = PBXGroup;
			children = (
				B76E91FD24FDDD3C0052834F /* projectretailapp.app */,
			);
			name = Products;
			sourceTree = "<group>";
		};
		B76E91FF24FDDD3C0052834F /* projectretailapp */ = {
			isa = PBXGroup;
			children = (
				B7AFB2BE2508490600C0E34B /* Requests */,
				B708463824FDE0CD00687DE2 /* Modifiers */,
				B708463724FDE01800687DE2 /* Views */,
				B708463624FDE01500687DE2 /* Models */,
				B7000C972501B75100B6B6BC /* Authentication */,
				B708463524FDE01300687DE2 /* Components */,
				B76E920024FDDD3C0052834F /* AppDelegate.swift */,
				B708462024FDDFBA00687DE2 /* Constants.swift */,
				B726D05A252AD57F00241B4F /* Helpers */,
				B76E920224FDDD3C0052834F /* SceneDelegate.swift */,
				B76E920624FDDD3F0052834F /* Assets.xcassets */,
				B76E920B24FDDD3F0052834F /* LaunchScreen.storyboard */,
				B76E920E24FDDD3F0052834F /* Info.plist */,
				B708463924FDE1AD00687DE2 /* GoogleService-Info.plist */,
				B76E920824FDDD3F0052834F /* Preview Content */,
			);
			path = projectretailapp;
			sourceTree = "<group>";
		};
		B76E920824FDDD3F0052834F /* Preview Content */ = {
			isa = PBXGroup;
			children = (
				B76E920924FDDD3F0052834F /* Preview Assets.xcassets */,
			);
			path = "Preview Content";
			sourceTree = "<group>";
		};
		B7AFB2BE2508490600C0E34B /* Requests */ = {
			isa = PBXGroup;
			children = (
				B7AFB2BF2508492100C0E34B /* Api.swift */,
			);
			path = Requests;
			sourceTree = "<group>";
		};
		B7DE92EF251FBFC2001887D3 /* SignIn */ = {
			isa = PBXGroup;
			children = (
				B708462124FDDFBA00687DE2 /* SignInTextFields.swift */,
				B708461B24FDDFBA00687DE2 /* SignIn_EmailTextField.swift */,
				B708461924FDDFB900687DE2 /* SignIn_PasswordTextField.swift */,
			);
			name = SignIn;
			sourceTree = "<group>";
		};
		B7DE92F0251FBFCB001887D3 /* SignUp */ = {
			isa = PBXGroup;
			children = (
				B708461524FDDFB900687DE2 /* SignUpTextFields.swift */,
				B7000CA32503029700B6B6BC /* SignUp_FirstNameTextField.swift */,
				B7DE92F7251FC081001887D3 /* SignUp_EmailTextField.swift */,
				B7DE92F4251FC069001887D3 /* SignUp_PasswordTextField.swift */,
				B7DE92EC251FBEFA001887D3 /* SignUp_ConfirmPasswordTextField.swift */,
			);
			name = SignUp;
			sourceTree = "<group>";
		};
		B7DE92FB25205C7B001887D3 /* Lottie */ = {
			isa = PBXGroup;
			children = (
				B75E6423252196A400A6B384 /* Confetti.json */,
				B7DE932525213CBA001887D3 /* Loading.json */,
				B7DE931E25213567001887D3 /* Circles.json */,
				B7DE92FC25205C95001887D3 /* Bubbles.json */,
			);
			path = Lottie;
			sourceTree = "<group>";
		};
		F75F862CDC247CE8209CC5C8 /* Pods */ = {
			isa = PBXGroup;
			children = (
				5EABA2D51B6EBD5557810F3B /* Pods-projectretailapp.debug.xcconfig */,
				5AE8F9665FAF5553B7439C45 /* Pods-projectretailapp.release.xcconfig */,
			);
			path = Pods;
			sourceTree = "<group>";
		};
/* End PBXGroup section */

/* Begin PBXNativeTarget section */
		B76E91FC24FDDD3C0052834F /* projectretailapp */ = {
			isa = PBXNativeTarget;
			buildConfigurationList = B76E921124FDDD3F0052834F /* Build configuration list for PBXNativeTarget "projectretailapp" */;
			buildPhases = (
				753B174EFE245D7BBD895621 /* [CP] Check Pods Manifest.lock */,
				B76E91F924FDDD3C0052834F /* Sources */,
				B76E91FA24FDDD3C0052834F /* Frameworks */,
				B76E91FB24FDDD3C0052834F /* Resources */,
				5AA62C1DA7F227E3D94209D8 /* [CP] Embed Pods Frameworks */,
			);
			buildRules = (
			);
			dependencies = (
			);
			name = projectretailapp;
			packageProductDependencies = (
				B7DE931625205D2D001887D3 /* Lottie */,
			);
			productName = projectretailapp;
			productReference = B76E91FD24FDDD3C0052834F /* projectretailapp.app */;
			productType = "com.apple.product-type.application";
		};
/* End PBXNativeTarget section */

/* Begin PBXProject section */
		B76E91F524FDDD3C0052834F /* Project object */ = {
			isa = PBXProject;
			attributes = {
				LastSwiftUpdateCheck = 1160;
				LastUpgradeCheck = 1160;
				ORGANIZATIONNAME = Wendell;
				TargetAttributes = {
					B76E91FC24FDDD3C0052834F = {
						CreatedOnToolsVersion = 11.6;
					};
				};
			};
			buildConfigurationList = B76E91F824FDDD3C0052834F /* Build configuration list for PBXProject "projectretailapp" */;
			compatibilityVersion = "Xcode 9.3";
			developmentRegion = en;
			hasScannedForEncodings = 0;
			knownRegions = (
				en,
				Base,
			);
			mainGroup = B76E91F424FDDD3C0052834F;
			packageReferences = (
				B7DE931525205D2D001887D3 /* XCRemoteSwiftPackageReference "lottie-ios" */,
			);
			productRefGroup = B76E91FE24FDDD3C0052834F /* Products */;
			projectDirPath = "";
			projectRoot = "";
			targets = (
				B76E91FC24FDDD3C0052834F /* projectretailapp */,
			);
		};
/* End PBXProject section */

/* Begin PBXResourcesBuildPhase section */
		B76E91FB24FDDD3C0052834F /* Resources */ = {
			isa = PBXResourcesBuildPhase;
			buildActionMask = 2147483647;
			files = (
				B76E920D24FDDD3F0052834F /* LaunchScreen.storyboard in Resources */,
				B75E6424252196A500A6B384 /* Confetti.json in Resources */,
				B708463A24FDE1AD00687DE2 /* GoogleService-Info.plist in Resources */,
				B7DE92FD25205C95001887D3 /* Bubbles.json in Resources */,
				B7DE931F25213567001887D3 /* Circles.json in Resources */,
				B76E920A24FDDD3F0052834F /* Preview Assets.xcassets in Resources */,
				B7DE932625213CBA001887D3 /* Loading.json in Resources */,
				B76E920724FDDD3F0052834F /* Assets.xcassets in Resources */,
			);
			runOnlyForDeploymentPostprocessing = 0;
		};
/* End PBXResourcesBuildPhase section */

/* Begin PBXShellScriptBuildPhase section */
		5AA62C1DA7F227E3D94209D8 /* [CP] Embed Pods Frameworks */ = {
			isa = PBXShellScriptBuildPhase;
			buildActionMask = 2147483647;
			files = (
			);
			inputFileListPaths = (
				"${PODS_ROOT}/Target Support Files/Pods-projectretailapp/Pods-projectretailapp-frameworks-${CONFIGURATION}-input-files.xcfilelist",
			);
			name = "[CP] Embed Pods Frameworks";
			outputFileListPaths = (
				"${PODS_ROOT}/Target Support Files/Pods-projectretailapp/Pods-projectretailapp-frameworks-${CONFIGURATION}-output-files.xcfilelist",
			);
			runOnlyForDeploymentPostprocessing = 0;
			shellPath = /bin/sh;
			shellScript = "\"${PODS_ROOT}/Target Support Files/Pods-projectretailapp/Pods-projectretailapp-frameworks.sh\"\n";
			showEnvVarsInLog = 0;
		};
		753B174EFE245D7BBD895621 /* [CP] Check Pods Manifest.lock */ = {
			isa = PBXShellScriptBuildPhase;
			buildActionMask = 2147483647;
			files = (
			);
			inputFileListPaths = (
			);
			inputPaths = (
				"${PODS_PODFILE_DIR_PATH}/Podfile.lock",
				"${PODS_ROOT}/Manifest.lock",
			);
			name = "[CP] Check Pods Manifest.lock";
			outputFileListPaths = (
			);
			outputPaths = (
				"$(DERIVED_FILE_DIR)/Pods-projectretailapp-checkManifestLockResult.txt",
			);
			runOnlyForDeploymentPostprocessing = 0;
			shellPath = /bin/sh;
			shellScript = "diff \"${PODS_PODFILE_DIR_PATH}/Podfile.lock\" \"${PODS_ROOT}/Manifest.lock\" > /dev/null\nif [ $? != 0 ] ; then\n    # print error to STDERR\n    echo \"error: The sandbox is not in sync with the Podfile.lock. Run 'pod install' or update your CocoaPods installation.\" >&2\n    exit 1\nfi\n# This output is used by Xcode 'outputs' to avoid re-running this script phase.\necho \"SUCCESS\" > \"${SCRIPT_OUTPUT_FILE_0}\"\n";
			showEnvVarsInLog = 0;
		};
/* End PBXShellScriptBuildPhase section */

/* Begin PBXSourcesBuildPhase section */
		B76E91F924FDDD3C0052834F /* Sources */ = {
			isa = PBXSourcesBuildPhase;
			buildActionMask = 2147483647;
			files = (
				B77F6CAD251ECF96006EA1F4 /* TextFieldFocusableArea.swift in Sources */,
				B70D5E202537BD910020C957 /* SexPreference.swift in Sources */,
				B7AFB2C02508492100C0E34B /* Api.swift in Sources */,
				B7000C992501B7B100B6B6BC /* SessionStore.swift in Sources */,
				B726D037252552E000241B4F /* Beacon.swift in Sources */,
				B708462424FDDFBA00687DE2 /* CreateAccountText.swift in Sources */,
				B708462C24FDDFBA00687DE2 /* Queue.swift in Sources */,
				B7000CA02501B89100B6B6BC /* SignInViewModel.swift in Sources */,
				B708463D24FDE75400687DE2 /* Authentication.swift in Sources */,
				B76E920124FDDD3C0052834F /* AppDelegate.swift in Sources */,
				B708462E24FDDFBA00687DE2 /* User.swift in Sources */,
				B708462F24FDDFBA00687DE2 /* SignUpButton.swift in Sources */,
				B708462324FDDFBA00687DE2 /* SignUpView.swift in Sources */,
				B72AFE86253800800025EE94 /* HomeView.swift in Sources */,
				B7000C9B2501B82800B6B6BC /* Init.swift in Sources */,
				B76E920324FDDD3C0052834F /* SceneDelegate.swift in Sources */,
				B7BA40CB253E977F00A27F59 /* ShirtSizePreferences.swift in Sources */,
				B75E640A2521883300A6B384 /* ViewRouter.swift in Sources */,
				B7DE92ED251FBEFA001887D3 /* SignUp_ConfirmPasswordTextField.swift in Sources */,
				B7000CA42503029700B6B6BC /* SignUp_FirstNameTextField.swift in Sources */,
				B7000C962501B5C500B6B6BC /* Extensions.swift in Sources */,
				B7BA40BC253A80E200A27F59 /* MaleSizePreference.swift in Sources */,
				B7BA40C8253E939500A27F59 /* SizeButton.swift in Sources */,
				B7BA40BF253A80F000A27F59 /* FemaleSizePreference.swift in Sources */,
				B708462D24FDDFBA00687DE2 /* SignUpViewModel.swift in Sources */,
				B708462A24FDDFBA00687DE2 /* SignInView.swift in Sources */,
				B708461224FDDF9F00687DE2 /* AlreadyHaveAccount.swift in Sources */,
				B708463124FDDFBA00687DE2 /* SignInTextFields.swift in Sources */,
				B7DE931B25205DA2001887D3 /* LottieViewLoop.swift in Sources */,
				B7000C942501B47000B6B6BC /* StorageService.swift in Sources */,
				B708463F24FDE7D200687DE2 /* SignInButton.swift in Sources */,
				B708462B24FDDFBA00687DE2 /* SignIn_EmailTextField.swift in Sources */,
				B708462524FDDFBA00687DE2 /* SignUpTextFields.swift in Sources */,
				B7DE92F5251FC069001887D3 /* SignUp_PasswordTextField.swift in Sources */,
				B708462924FDDFBA00687DE2 /* SignIn_PasswordTextField.swift in Sources */,
				B7BA40C5253E866B00A27F59 /* Identifiables.swift in Sources */,
				B708463224FDDFBA00687DE2 /* BlurView.swift in Sources */,
				B7000C9D2501B84C00B6B6BC /* Home.swift in Sources */,
				B7DE92F8251FC081001887D3 /* SignUp_EmailTextField.swift in Sources */,
				B77FAA1425105F3A00F86098 /* BeaconDetector.swift in Sources */,
				B72AFE8925383DBB0025EE94 /* ValidateBeacon.swift in Sources */,
				B75E642725219B4700A6B384 /* LottieView.swift in Sources */,
				B70D5E232537C1870020C957 /* SizingPreferences.swift in Sources */,
				B726D05325296F0C00241B4F /* CurrentBeacon.swift in Sources */,
				B708462724FDDFBA00687DE2 /* SignUpInModifiers.swift in Sources */,
				B728C90A2547B78700F8ADC2 /* MenuView.swift in Sources */,
				B708463024FDDFBA00687DE2 /* Constants.swift in Sources */,
			);
			runOnlyForDeploymentPostprocessing = 0;
		};
/* End PBXSourcesBuildPhase section */

/* Begin PBXVariantGroup section */
		B76E920B24FDDD3F0052834F /* LaunchScreen.storyboard */ = {
			isa = PBXVariantGroup;
			children = (
				B76E920C24FDDD3F0052834F /* Base */,
			);
			name = LaunchScreen.storyboard;
			sourceTree = "<group>";
		};
/* End PBXVariantGroup section */

/* Begin XCBuildConfiguration section */
		B76E920F24FDDD3F0052834F /* Debug */ = {
			isa = XCBuildConfiguration;
			buildSettings = {
				ALWAYS_SEARCH_USER_PATHS = NO;
				CLANG_ANALYZER_NONNULL = YES;
				CLANG_ANALYZER_NUMBER_OBJECT_CONVERSION = YES_AGGRESSIVE;
				CLANG_CXX_LANGUAGE_STANDARD = "gnu++14";
				CLANG_CXX_LIBRARY = "libc++";
				CLANG_ENABLE_MODULES = YES;
				CLANG_ENABLE_OBJC_ARC = YES;
				CLANG_ENABLE_OBJC_WEAK = YES;
				CLANG_WARN_BLOCK_CAPTURE_AUTORELEASING = YES;
				CLANG_WARN_BOOL_CONVERSION = YES;
				CLANG_WARN_COMMA = YES;
				CLANG_WARN_CONSTANT_CONVERSION = YES;
				CLANG_WARN_DEPRECATED_OBJC_IMPLEMENTATIONS = YES;
				CLANG_WARN_DIRECT_OBJC_ISA_USAGE = YES_ERROR;
				CLANG_WARN_DOCUMENTATION_COMMENTS = YES;
				CLANG_WARN_EMPTY_BODY = YES;
				CLANG_WARN_ENUM_CONVERSION = YES;
				CLANG_WARN_INFINITE_RECURSION = YES;
				CLANG_WARN_INT_CONVERSION = YES;
				CLANG_WARN_NON_LITERAL_NULL_CONVERSION = YES;
				CLANG_WARN_OBJC_IMPLICIT_RETAIN_SELF = YES;
				CLANG_WARN_OBJC_LITERAL_CONVERSION = YES;
				CLANG_WARN_OBJC_ROOT_CLASS = YES_ERROR;
				CLANG_WARN_RANGE_LOOP_ANALYSIS = YES;
				CLANG_WARN_STRICT_PROTOTYPES = YES;
				CLANG_WARN_SUSPICIOUS_MOVE = YES;
				CLANG_WARN_UNGUARDED_AVAILABILITY = YES_AGGRESSIVE;
				CLANG_WARN_UNREACHABLE_CODE = YES;
				CLANG_WARN__DUPLICATE_METHOD_MATCH = YES;
				COPY_PHASE_STRIP = NO;
				DEAD_CODE_STRIPPING = NO;
				DEBUG_INFORMATION_FORMAT = dwarf;
				ENABLE_STRICT_OBJC_MSGSEND = YES;
				ENABLE_TESTABILITY = YES;
				GCC_C_LANGUAGE_STANDARD = gnu11;
				GCC_DYNAMIC_NO_PIC = NO;
				GCC_NO_COMMON_BLOCKS = YES;
				GCC_OPTIMIZATION_LEVEL = 0;
				GCC_PREPROCESSOR_DEFINITIONS = (
					"DEBUG=1",
					"$(inherited)",
				);
				GCC_WARN_64_TO_32_BIT_CONVERSION = YES;
				GCC_WARN_ABOUT_RETURN_TYPE = YES_ERROR;
				GCC_WARN_UNDECLARED_SELECTOR = YES;
				GCC_WARN_UNINITIALIZED_AUTOS = YES_AGGRESSIVE;
				GCC_WARN_UNUSED_FUNCTION = YES;
				GCC_WARN_UNUSED_VARIABLE = YES;
				IPHONEOS_DEPLOYMENT_TARGET = 13.6;
				MTL_ENABLE_DEBUG_INFO = INCLUDE_SOURCE;
				MTL_FAST_MATH = YES;
				ONLY_ACTIVE_ARCH = YES;
				SDKROOT = iphoneos;
				SWIFT_ACTIVE_COMPILATION_CONDITIONS = DEBUG;
				SWIFT_OPTIMIZATION_LEVEL = "-Onone";
			};
			name = Debug;
		};
		B76E921024FDDD3F0052834F /* Release */ = {
			isa = XCBuildConfiguration;
			buildSettings = {
				ALWAYS_SEARCH_USER_PATHS = NO;
				CLANG_ANALYZER_NONNULL = YES;
				CLANG_ANALYZER_NUMBER_OBJECT_CONVERSION = YES_AGGRESSIVE;
				CLANG_CXX_LANGUAGE_STANDARD = "gnu++14";
				CLANG_CXX_LIBRARY = "libc++";
				CLANG_ENABLE_MODULES = YES;
				CLANG_ENABLE_OBJC_ARC = YES;
				CLANG_ENABLE_OBJC_WEAK = YES;
				CLANG_WARN_BLOCK_CAPTURE_AUTORELEASING = YES;
				CLANG_WARN_BOOL_CONVERSION = YES;
				CLANG_WARN_COMMA = YES;
				CLANG_WARN_CONSTANT_CONVERSION = YES;
				CLANG_WARN_DEPRECATED_OBJC_IMPLEMENTATIONS = YES;
				CLANG_WARN_DIRECT_OBJC_ISA_USAGE = YES_ERROR;
				CLANG_WARN_DOCUMENTATION_COMMENTS = YES;
				CLANG_WARN_EMPTY_BODY = YES;
				CLANG_WARN_ENUM_CONVERSION = YES;
				CLANG_WARN_INFINITE_RECURSION = YES;
				CLANG_WARN_INT_CONVERSION = YES;
				CLANG_WARN_NON_LITERAL_NULL_CONVERSION = YES;
				CLANG_WARN_OBJC_IMPLICIT_RETAIN_SELF = YES;
				CLANG_WARN_OBJC_LITERAL_CONVERSION = YES;
				CLANG_WARN_OBJC_ROOT_CLASS = YES_ERROR;
				CLANG_WARN_RANGE_LOOP_ANALYSIS = YES;
				CLANG_WARN_STRICT_PROTOTYPES = YES;
				CLANG_WARN_SUSPICIOUS_MOVE = YES;
				CLANG_WARN_UNGUARDED_AVAILABILITY = YES_AGGRESSIVE;
				CLANG_WARN_UNREACHABLE_CODE = YES;
				CLANG_WARN__DUPLICATE_METHOD_MATCH = YES;
				COPY_PHASE_STRIP = NO;
				DEAD_CODE_STRIPPING = NO;
				DEBUG_INFORMATION_FORMAT = "dwarf-with-dsym";
				ENABLE_NS_ASSERTIONS = NO;
				ENABLE_STRICT_OBJC_MSGSEND = YES;
				GCC_C_LANGUAGE_STANDARD = gnu11;
				GCC_NO_COMMON_BLOCKS = YES;
				GCC_WARN_64_TO_32_BIT_CONVERSION = YES;
				GCC_WARN_ABOUT_RETURN_TYPE = YES_ERROR;
				GCC_WARN_UNDECLARED_SELECTOR = YES;
				GCC_WARN_UNINITIALIZED_AUTOS = YES_AGGRESSIVE;
				GCC_WARN_UNUSED_FUNCTION = YES;
				GCC_WARN_UNUSED_VARIABLE = YES;
				IPHONEOS_DEPLOYMENT_TARGET = 13.6;
				MTL_ENABLE_DEBUG_INFO = NO;
				MTL_FAST_MATH = YES;
				SDKROOT = iphoneos;
				SWIFT_COMPILATION_MODE = wholemodule;
				SWIFT_OPTIMIZATION_LEVEL = "-O";
				VALIDATE_PRODUCT = YES;
			};
			name = Release;
		};
		B76E921224FDDD3F0052834F /* Debug */ = {
			isa = XCBuildConfiguration;
			baseConfigurationReference = 5EABA2D51B6EBD5557810F3B /* Pods-projectretailapp.debug.xcconfig */;
			buildSettings = {
				ASSETCATALOG_COMPILER_APPICON_NAME = AppIcon;
				CODE_SIGN_STYLE = Automatic;
				DEVELOPMENT_ASSET_PATHS = "\"projectretailapp/Preview Content\"";
				DEVELOPMENT_TEAM = E6RJ42JKAK;
				ENABLE_PREVIEWS = YES;
				INFOPLIST_FILE = projectretailapp/Info.plist;
				LD_RUNPATH_SEARCH_PATHS = (
					"$(inherited)",
					"@executable_path/Frameworks",
				);
				PRODUCT_BUNDLE_IDENTIFIER = com.wendell.projectretailapp;
				PRODUCT_NAME = "$(TARGET_NAME)";
				SWIFT_VERSION = 5.0;
				TARGETED_DEVICE_FAMILY = "1,2";
			};
			name = Debug;
		};
		B76E921324FDDD3F0052834F /* Release */ = {
			isa = XCBuildConfiguration;
			baseConfigurationReference = 5AE8F9665FAF5553B7439C45 /* Pods-projectretailapp.release.xcconfig */;
			buildSettings = {
				ASSETCATALOG_COMPILER_APPICON_NAME = AppIcon;
				CODE_SIGN_STYLE = Automatic;
				DEVELOPMENT_ASSET_PATHS = "\"projectretailapp/Preview Content\"";
				DEVELOPMENT_TEAM = E6RJ42JKAK;
				ENABLE_PREVIEWS = YES;
				INFOPLIST_FILE = projectretailapp/Info.plist;
				LD_RUNPATH_SEARCH_PATHS = (
					"$(inherited)",
					"@executable_path/Frameworks",
				);
				PRODUCT_BUNDLE_IDENTIFIER = com.wendell.projectretailapp;
				PRODUCT_NAME = "$(TARGET_NAME)";
				SWIFT_VERSION = 5.0;
				TARGETED_DEVICE_FAMILY = "1,2";
			};
			name = Release;
		};
/* End XCBuildConfiguration section */

/* Begin XCConfigurationList section */
		B76E91F824FDDD3C0052834F /* Build configuration list for PBXProject "projectretailapp" */ = {
			isa = XCConfigurationList;
			buildConfigurations = (
				B76E920F24FDDD3F0052834F /* Debug */,
				B76E921024FDDD3F0052834F /* Release */,
			);
			defaultConfigurationIsVisible = 0;
			defaultConfigurationName = Release;
		};
		B76E921124FDDD3F0052834F /* Build configuration list for PBXNativeTarget "projectretailapp" */ = {
			isa = XCConfigurationList;
			buildConfigurations = (
				B76E921224FDDD3F0052834F /* Debug */,
				B76E921324FDDD3F0052834F /* Release */,
			);
			defaultConfigurationIsVisible = 0;
			defaultConfigurationName = Release;
		};
/* End XCConfigurationList section */

/* Begin XCRemoteSwiftPackageReference section */
		B7DE931525205D2D001887D3 /* XCRemoteSwiftPackageReference "lottie-ios" */ = {
			isa = XCRemoteSwiftPackageReference;
			repositoryURL = "https://github.com/airbnb/lottie-ios.git";
			requirement = {
				kind = upToNextMajorVersion;
				minimumVersion = 3.1.8;
			};
		};
/* End XCRemoteSwiftPackageReference section */

/* Begin XCSwiftPackageProductDependency section */
		B7DE931625205D2D001887D3 /* Lottie */ = {
			isa = XCSwiftPackageProductDependency;
			package = B7DE931525205D2D001887D3 /* XCRemoteSwiftPackageReference "lottie-ios" */;
			productName = Lottie;
		};
/* End XCSwiftPackageProductDependency section */
	};
	rootObject = B76E91F524FDDD3C0052834F /* Project object */;
}
