// !$*UTF8*$!
{
	archiveVersion = 1;
	classes = {
	};
	objectVersion = 50;
	objects = {

/* Begin PBXBuildFile section */
		B76E920124FDDD3C0052834F /* AppDelegate.swift in Sources */ = {isa = PBXBuildFile; fileRef = B76E920024FDDD3C0052834F /* AppDelegate.swift */; };
		B76E920324FDDD3C0052834F /* SceneDelegate.swift in Sources */ = {isa = PBXBuildFile; fileRef = B76E920224FDDD3C0052834F /* SceneDelegate.swift */; };
		B76E920524FDDD3C0052834F /* ContentView.swift in Sources */ = {isa = PBXBuildFile; fileRef = B76E920424FDDD3C0052834F /* ContentView.swift */; };
		B76E920724FDDD3F0052834F /* Assets.xcassets in Resources */ = {isa = PBXBuildFile; fileRef = B76E920624FDDD3F0052834F /* Assets.xcassets */; };
		B76E920A24FDDD3F0052834F /* Preview Assets.xcassets in Resources */ = {isa = PBXBuildFile; fileRef = B76E920924FDDD3F0052834F /* Preview Assets.xcassets */; };
		B76E920D24FDDD3F0052834F /* LaunchScreen.storyboard in Resources */ = {isa = PBXBuildFile; fileRef = B76E920B24FDDD3F0052834F /* LaunchScreen.storyboard */; };
/* End PBXBuildFile section */

/* Begin PBXFileReference section */
		B76E91FD24FDDD3C0052834F /* projectretailapp.app */ = {isa = PBXFileReference; explicitFileType = wrapper.application; includeInIndex = 0; path = projectretailapp.app; sourceTree = BUILT_PRODUCTS_DIR; };
		B76E920024FDDD3C0052834F /* AppDelegate.swift */ = {isa = PBXFileReference; lastKnownFileType = sourcecode.swift; path = AppDelegate.swift; sourceTree = "<group>"; };
		B76E920224FDDD3C0052834F /* SceneDelegate.swift */ = {isa = PBXFileReference; lastKnownFileType = sourcecode.swift; path = SceneDelegate.swift; sourceTree = "<group>"; };
		B76E920424FDDD3C0052834F /* ContentView.swift */ = {isa = PBXFileReference; lastKnownFileType = sourcecode.swift; path = ContentView.swift; sourceTree = "<group>"; };
		B76E920624FDDD3F0052834F /* Assets.xcassets */ = {isa = PBXFileReference; lastKnownFileType = folder.assetcatalog; path = Assets.xcassets; sourceTree = "<group>"; };
		B76E920924FDDD3F0052834F /* Preview Assets.xcassets */ = {isa = PBXFileReference; lastKnownFileType = folder.assetcatalog; path = "Preview Assets.xcassets"; sourceTree = "<group>"; };
		B76E920C24FDDD3F0052834F /* Base */ = {isa = PBXFileReference; lastKnownFileType = file.storyboard; name = Base; path = Base.lproj/LaunchScreen.storyboard; sourceTree = "<group>"; };
		B76E920E24FDDD3F0052834F /* Info.plist */ = {isa = PBXFileReference; lastKnownFileType = text.plist.xml; path = Info.plist; sourceTree = "<group>"; };
/* End PBXFileReference section */

/* Begin PBXFrameworksBuildPhase section */
		B76E91FA24FDDD3C0052834F /* Frameworks */ = {
			isa = PBXFrameworksBuildPhase;
			buildActionMask = 2147483647;
			files = (
			);
			runOnlyForDeploymentPostprocessing = 0;
		};
/* End PBXFrameworksBuildPhase section */

/* Begin PBXGroup section */
		B76E91F424FDDD3C0052834F = {
			isa = PBXGroup;
			children = (
				B76E91FF24FDDD3C0052834F /* projectretailapp */,
				B76E91FE24FDDD3C0052834F /* Products */,
			);
			sourceTree = "<group>";
		};
		B76E91FE24FDDD3C0052834F /* Products */ = {
			isa = PBXGroup;
			children = (
				B76E91FD24FDDD3C0052834F /* projectretailapp.app */,
			);
			name = Products;
			sourceTree = "<group>";
		};
		B76E91FF24FDDD3C0052834F /* projectretailapp */ = {
			isa = PBXGroup;
			children = (
				B76E920024FDDD3C0052834F /* AppDelegate.swift */,
				B76E920224FDDD3C0052834F /* SceneDelegate.swift */,
				B76E920424FDDD3C0052834F /* ContentView.swift */,
				B76E920624FDDD3F0052834F /* Assets.xcassets */,
				B76E920B24FDDD3F0052834F /* LaunchScreen.storyboard */,
				B76E920E24FDDD3F0052834F /* Info.plist */,
				B76E920824FDDD3F0052834F /* Preview Content */,
			);
			path = projectretailapp;
			sourceTree = "<group>";
		};
		B76E920824FDDD3F0052834F /* Preview Content */ = {
			isa = PBXGroup;
			children = (
				B76E920924FDDD3F0052834F /* Preview Assets.xcassets */,
			);
			path = "Preview Content";
			sourceTree = "<group>";
		};
/* End PBXGroup section */

/* Begin PBXNativeTarget section */
		B76E91FC24FDDD3C0052834F /* projectretailapp */ = {
			isa = PBXNativeTarget;
			buildConfigurationList = B76E921124FDDD3F0052834F /* Build configuration list for PBXNativeTarget "projectretailapp" */;
			buildPhases = (
				B76E91F924FDDD3C0052834F /* Sources */,
				B76E91FA24FDDD3C0052834F /* Frameworks */,
				B76E91FB24FDDD3C0052834F /* Resources */,
			);
			buildRules = (
			);
			dependencies = (
			);
			name = projectretailapp;
			productName = projectretailapp;
			productReference = B76E91FD24FDDD3C0052834F /* projectretailapp.app */;
			productType = "com.apple.product-type.application";
		};
/* End PBXNativeTarget section */

/* Begin PBXProject section */
		B76E91F524FDDD3C0052834F /* Project object */ = {
			isa = PBXProject;
			attributes = {
				LastSwiftUpdateCheck = 1160;
				LastUpgradeCheck = 1160;
				ORGANIZATIONNAME = Wendell;
				TargetAttributes = {
					B76E91FC24FDDD3C0052834F = {
						CreatedOnToolsVersion = 11.6;
					};
				};
			};
			buildConfigurationList = B76E91F824FDDD3C0052834F /* Build configuration list for PBXProject "projectretailapp" */;
			compatibilityVersion = "Xcode 9.3";
			developmentRegion = en;
			hasScannedForEncodings = 0;
			knownRegions = (
				en,
				Base,
			);
			mainGroup = B76E91F424FDDD3C0052834F;
			productRefGroup = B76E91FE24FDDD3C0052834F /* Products */;
			projectDirPath = "";
			projectRoot = "";
			targets = (
				B76E91FC24FDDD3C0052834F /* projectretailapp */,
			);
		};
/* End PBXProject section */

/* Begin PBXResourcesBuildPhase section */
		B76E91FB24FDDD3C0052834F /* Resources */ = {
			isa = PBXResourcesBuildPhase;
			buildActionMask = 2147483647;
			files = (
				B76E920D24FDDD3F0052834F /* LaunchScreen.storyboard in Resources */,
				B76E920A24FDDD3F0052834F /* Preview Assets.xcassets in Resources */,
				B76E920724FDDD3F0052834F /* Assets.xcassets in Resources */,
			);
			runOnlyForDeploymentPostprocessing = 0;
		};
/* End PBXResourcesBuildPhase section */

/* Begin PBXSourcesBuildPhase section */
		B76E91F924FDDD3C0052834F /* Sources */ = {
			isa = PBXSourcesBuildPhase;
			buildActionMask = 2147483647;
			files = (
				B76E920124FDDD3C0052834F /* AppDelegate.swift in Sources */,
				B76E920324FDDD3C0052834F /* SceneDelegate.swift in Sources */,
				B76E920524FDDD3C0052834F /* ContentView.swift in Sources */,
			);
			runOnlyForDeploymentPostprocessing = 0;
		};
/* End PBXSourcesBuildPhase section */

/* Begin PBXVariantGroup section */
		B76E920B24FDDD3F0052834F /* LaunchScreen.storyboard */ = {
			isa = PBXVariantGroup;
			children = (
				B76E920C24FDDD3F0052834F /* Base */,
			);
			name = LaunchScreen.storyboard;
			sourceTree = "<group>";
		};
/* End PBXVariantGroup section */

/* Begin XCBuildConfiguration section */
		B76E920F24FDDD3F0052834F /* Debug */ = {
			isa = XCBuildConfiguration;
			buildSettings = {
				ALWAYS_SEARCH_USER_PATHS = NO;
				CLANG_ANALYZER_NONNULL = YES;
				CLANG_ANALYZER_NUMBER_OBJECT_CONVERSION = YES_AGGRESSIVE;
				CLANG_CXX_LANGUAGE_STANDARD = "gnu++14";
				CLANG_CXX_LIBRARY = "libc++";
				CLANG_ENABLE_MODULES = YES;
				CLANG_ENABLE_OBJC_ARC = YES;
				CLANG_ENABLE_OBJC_WEAK = YES;
				CLANG_WARN_BLOCK_CAPTURE_AUTORELEASING = YES;
				CLANG_WARN_BOOL_CONVERSION = YES;
				CLANG_WARN_COMMA = YES;
				CLANG_WARN_CONSTANT_CONVERSION = YES;
				CLANG_WARN_DEPRECATED_OBJC_IMPLEMENTATIONS = YES;
				CLANG_WARN_DIRECT_OBJC_ISA_USAGE = YES_ERROR;
				CLANG_WARN_DOCUMENTATION_COMMENTS = YES;
				CLANG_WARN_EMPTY_BODY = YES;
				CLANG_WARN_ENUM_CONVERSION = YES;
				CLANG_WARN_INFINITE_RECURSION = YES;
				CLANG_WARN_INT_CONVERSION = YES;
				CLANG_WARN_NON_LITERAL_NULL_CONVERSION = YES;
				CLANG_WARN_OBJC_IMPLICIT_RETAIN_SELF = YES;
				CLANG_WARN_OBJC_LITERAL_CONVERSION = YES;
				CLANG_WARN_OBJC_ROOT_CLASS = YES_ERROR;
				CLANG_WARN_RANGE_LOOP_ANALYSIS = YES;
				CLANG_WARN_STRICT_PROTOTYPES = YES;
				CLANG_WARN_SUSPICIOUS_MOVE = YES;
				CLANG_WARN_UNGUARDED_AVAILABILITY = YES_AGGRESSIVE;
				CLANG_WARN_UNREACHABLE_CODE = YES;
				CLANG_WARN__DUPLICATE_METHOD_MATCH = YES;
				COPY_PHASE_STRIP = NO;
				DEBUG_INFORMATION_FORMAT = dwarf;
				ENABLE_STRICT_OBJC_MSGSEND = YES;
				ENABLE_TESTABILITY = YES;
				GCC_C_LANGUAGE_STANDARD = gnu11;
				GCC_DYNAMIC_NO_PIC = NO;
				GCC_NO_COMMON_BLOCKS = YES;
				GCC_OPTIMIZATION_LEVEL = 0;
				GCC_PREPROCESSOR_DEFINITIONS = (
					"DEBUG=1",
					"$(inherited)",
				);
				GCC_WARN_64_TO_32_BIT_CONVERSION = YES;
				GCC_WARN_ABOUT_RETURN_TYPE = YES_ERROR;
				GCC_WARN_UNDECLARED_SELECTOR = YES;
				GCC_WARN_UNINITIALIZED_AUTOS = YES_AGGRESSIVE;
				GCC_WARN_UNUSED_FUNCTION = YES;
				GCC_WARN_UNUSED_VARIABLE = YES;
				IPHONEOS_DEPLOYMENT_TARGET = 13.6;
				MTL_ENABLE_DEBUG_INFO = INCLUDE_SOURCE;
				MTL_FAST_MATH = YES;
				ONLY_ACTIVE_ARCH = YES;
				SDKROOT = iphoneos;
				SWIFT_ACTIVE_COMPILATION_CONDITIONS = DEBUG;
				SWIFT_OPTIMIZATION_LEVEL = "-Onone";
			};
			name = Debug;
		};
		B76E921024FDDD3F0052834F /* Release */ = {
			isa = XCBuildConfiguration;
			buildSettings = {
				ALWAYS_SEARCH_USER_PATHS = NO;
				CLANG_ANALYZER_NONNULL = YES;
				CLANG_ANALYZER_NUMBER_OBJECT_CONVERSION = YES_AGGRESSIVE;
				CLANG_CXX_LANGUAGE_STANDARD = "gnu++14";
				CLANG_CXX_LIBRARY = "libc++";
				CLANG_ENABLE_MODULES = YES;
				CLANG_ENABLE_OBJC_ARC = YES;
				CLANG_ENABLE_OBJC_WEAK = YES;
				CLANG_WARN_BLOCK_CAPTURE_AUTORELEASING = YES;
				CLANG_WARN_BOOL_CONVERSION = YES;
				CLANG_WARN_COMMA = YES;
				CLANG_WARN_CONSTANT_CONVERSION = YES;
				CLANG_WARN_DEPRECATED_OBJC_IMPLEMENTATIONS = YES;
				CLANG_WARN_DIRECT_OBJC_ISA_USAGE = YES_ERROR;
				CLANG_WARN_DOCUMENTATION_COMMENTS = YES;
				CLANG_WARN_EMPTY_BODY = YES;
				CLANG_WARN_ENUM_CONVERSION = YES;
				CLANG_WARN_INFINITE_RECURSION = YES;
				CLANG_WARN_INT_CONVERSION = YES;
				CLANG_WARN_NON_LITERAL_NULL_CONVERSION = YES;
				CLANG_WARN_OBJC_IMPLICIT_RETAIN_SELF = YES;
				CLANG_WARN_OBJC_LITERAL_CONVERSION = YES;
				CLANG_WARN_OBJC_ROOT_CLASS = YES_ERROR;
				CLANG_WARN_RANGE_LOOP_ANALYSIS = YES;
				CLANG_WARN_STRICT_PROTOTYPES = YES;
				CLANG_WARN_SUSPICIOUS_MOVE = YES;
				CLANG_WARN_UNGUARDED_AVAILABILITY = YES_AGGRESSIVE;
				CLANG_WARN_UNREACHABLE_CODE = YES;
				CLANG_WARN__DUPLICATE_METHOD_MATCH = YES;
				COPY_PHASE_STRIP = NO;
				DEBUG_INFORMATION_FORMAT = "dwarf-with-dsym";
				ENABLE_NS_ASSERTIONS = NO;
				ENABLE_STRICT_OBJC_MSGSEND = YES;
				GCC_C_LANGUAGE_STANDARD = gnu11;
				GCC_NO_COMMON_BLOCKS = YES;
				GCC_WARN_64_TO_32_BIT_CONVERSION = YES;
				GCC_WARN_ABOUT_RETURN_TYPE = YES_ERROR;
				GCC_WARN_UNDECLARED_SELECTOR = YES;
				GCC_WARN_UNINITIALIZED_AUTOS = YES_AGGRESSIVE;
				GCC_WARN_UNUSED_FUNCTION = YES;
				GCC_WARN_UNUSED_VARIABLE = YES;
				IPHONEOS_DEPLOYMENT_TARGET = 13.6;
				MTL_ENABLE_DEBUG_INFO = NO;
				MTL_FAST_MATH = YES;
				SDKROOT = iphoneos;
				SWIFT_COMPILATION_MODE = wholemodule;
				SWIFT_OPTIMIZATION_LEVEL = "-O";
				VALIDATE_PRODUCT = YES;
			};
			name = Release;
		};
		B76E921224FDDD3F0052834F /* Debug */ = {
			isa = XCBuildConfiguration;
			buildSettings = {
				ASSETCATALOG_COMPILER_APPICON_NAME = AppIcon;
				CODE_SIGN_STYLE = Automatic;
				DEVELOPMENT_ASSET_PATHS = "\"projectretailapp/Preview Content\"";
				DEVELOPMENT_TEAM = E6RJ42JKAK;
				ENABLE_PREVIEWS = YES;
				INFOPLIST_FILE = projectretailapp/Info.plist;
				LD_RUNPATH_SEARCH_PATHS = (
					"$(inherited)",
					"@executable_path/Frameworks",
				);
				PRODUCT_BUNDLE_IDENTIFIER = com.wendell.projectretailapp;
				PRODUCT_NAME = "$(TARGET_NAME)";
				SWIFT_VERSION = 5.0;
				TARGETED_DEVICE_FAMILY = "1,2";
			};
			name = Debug;
		};
		B76E921324FDDD3F0052834F /* Release */ = {
			isa = XCBuildConfiguration;
			buildSettings = {
				ASSETCATALOG_COMPILER_APPICON_NAME = AppIcon;
				CODE_SIGN_STYLE = Automatic;
				DEVELOPMENT_ASSET_PATHS = "\"projectretailapp/Preview Content\"";
				DEVELOPMENT_TEAM = E6RJ42JKAK;
				ENABLE_PREVIEWS = YES;
				INFOPLIST_FILE = projectretailapp/Info.plist;
				LD_RUNPATH_SEARCH_PATHS = (
					"$(inherited)",
					"@executable_path/Frameworks",
				);
				PRODUCT_BUNDLE_IDENTIFIER = com.wendell.projectretailapp;
				PRODUCT_NAME = "$(TARGET_NAME)";
				SWIFT_VERSION = 5.0;
				TARGETED_DEVICE_FAMILY = "1,2";
			};
			name = Release;
		};
/* End XCBuildConfiguration section */

/* Begin XCConfigurationList section */
		B76E91F824FDDD3C0052834F /* Build configuration list for PBXProject "projectretailapp" */ = {
			isa = XCConfigurationList;
			buildConfigurations = (
				B76E920F24FDDD3F0052834F /* Debug */,
				B76E921024FDDD3F0052834F /* Release */,
			);
			defaultConfigurationIsVisible = 0;
			defaultConfigurationName = Release;
		};
		B76E921124FDDD3F0052834F /* Build configuration list for PBXNativeTarget "projectretailapp" */ = {
			isa = XCConfigurationList;
			buildConfigurations = (
				B76E921224FDDD3F0052834F /* Debug */,
				B76E921324FDDD3F0052834F /* Release */,
			);
			defaultConfigurationIsVisible = 0;
			defaultConfigurationName = Release;
		};
/* End XCConfigurationList section */
	};
	rootObject = B76E91F524FDDD3C0052834F /* Project object */;
}
